
Microsoft Visual Studio Solution File, Format Version 12.00
# Visual Studio Version 17
VisualStudioVersion = 17.14.36127.28 d17.14
MinimumVisualStudioVersion = 10.0.40219.1
Project("{8BC9CEB8-8B4A-11D0-8D11-00A0C91BC942}") = "StampaScontrinoTorneo", "StampaScontrinoTorneo\StampaScontrinoTorneo.vcxproj", "{EE636FB7-B030-469B-82BE-F6FE057243C9}"
EndProject
Global
	GlobalSection(SolutionConfigurationPlatforms) = preSolution
		Debug|x64 = Debug|x64
		Debug|x86 = Debug|x86
		Release|x64 = Release|x64
		Release|x86 = Release|x86
	EndGlobalSection
	GlobalSection(ProjectConfigurationPlatforms) = postSolution
		{EE636FB7-B030-469B-82BE-F6FE057243C9}.Debug|x64.ActiveCfg = Debug|x64
		{EE636FB7-B030-469B-82BE-F6FE057243C9}.Debug|x64.Build.0 = Debug|x64
		{EE636FB7-B030-469B-82BE-F6FE057243C9}.Debug|x86.ActiveCfg = Debug|Win32
		{EE636FB7-B030-469B-82BE-F6FE057243C9}.Debug|x86.Build.0 = Debug|Win32
		{EE636FB7-B030-469B-82BE-F6FE057243C9}.Release|x64.ActiveCfg = Release|x64
		{EE636FB7-B030-469B-82BE-F6FE057243C9}.Release|x64.Build.0 = Release|x64
		{EE636FB7-B030-469B-82BE-F6FE057243C9}.Release|x86.ActiveCfg = Release|Win32
		{EE636FB7-B030-469B-82BE-F6FE057243C9}.Release|x86.Build.0 = Release|Win32
	EndGlobalSection
	GlobalSection(SolutionProperties) = preSolution
		HideSolutionNode = FALSE
	EndGlobalSection
	GlobalSection(ExtensibilityGlobals) = postSolution
		SolutionGuid = {5DCE2874-AA8F-436F-8D1D-961D4F028B92}
	EndGlobalSection
EndGlobal
